#MicroXplorer Configuration settings - do not modify
CAN1.BS1=CAN_BS1_13TQ
CAN1.BS2=CAN_BS2_5TQ
CAN1.CalculateTimeBit=5629
CAN1.CalculateTimeQuantum=296.2962962962963
CAN1.IPParameters=CalculateTimeQuantum,CalculateTimeBit,BS1,BS2
ETH.IPParameters=MediaInterface
ETH.MediaInterface=ETH_MEDIA_INTERFACE_RMII
File.Version=6
KeepUserPlacement=false
Mcu.Family=STM32F7
Mcu.IP0=CAN1
Mcu.IP1=CORTEX_M7
Mcu.IP2=ETH
Mcu.IP3=FMC
Mcu.IP4=NVIC
Mcu.IP5=RCC
Mcu.IP6=SYS
Mcu.IP7=TIM1
Mcu.IP8=TIM4
Mcu.IP9=USART3
Mcu.IPNb=10
Mcu.Name=STM32F765V(G-I)Tx
Mcu.Package=LQFP100
Mcu.Pin0=PH0/OSC_IN
Mcu.Pin1=PH1/OSC_OUT
Mcu.Pin10=PE8
Mcu.Pin11=PE9
Mcu.Pin12=PE10
Mcu.Pin13=PE11
Mcu.Pin14=PE12
Mcu.Pin15=PE13
Mcu.Pin16=PE14
Mcu.Pin17=PE15
Mcu.Pin18=PB11
Mcu.Pin19=PB12
Mcu.Pin2=PC1
Mcu.Pin20=PB13
Mcu.Pin21=PB14
Mcu.Pin22=PD8
Mcu.Pin23=PD9
Mcu.Pin24=PD10
Mcu.Pin25=PD11
Mcu.Pin26=PD12
Mcu.Pin27=PD13
Mcu.Pin28=PD14
Mcu.Pin29=PD15
Mcu.Pin3=PA1
Mcu.Pin30=PC6
Mcu.Pin31=PC7
Mcu.Pin32=PC8
Mcu.Pin33=PC9
Mcu.Pin34=PA8
Mcu.Pin35=PA9
Mcu.Pin36=PA10
Mcu.Pin37=PA11
Mcu.Pin38=PA13
Mcu.Pin39=PA14
Mcu.Pin4=PA2
Mcu.Pin40=PA15
Mcu.Pin41=PC10
Mcu.Pin42=PC11
Mcu.Pin43=PD0
Mcu.Pin44=PD1
Mcu.Pin45=PD3
Mcu.Pin46=PD4
Mcu.Pin47=PD5
Mcu.Pin48=PD6
Mcu.Pin49=PD7
Mcu.Pin5=PA6
Mcu.Pin50=PB3
Mcu.Pin51=PB4
Mcu.Pin52=PB7
Mcu.Pin53=PB8
Mcu.Pin54=PB9
Mcu.Pin55=PE0
Mcu.Pin56=PE1
Mcu.Pin57=VP_SYS_VS_Systick
Mcu.Pin58=VP_TIM1_VS_ClockSourceINT
Mcu.Pin6=PA7
Mcu.Pin7=PC4
Mcu.Pin8=PC5
Mcu.Pin9=PE7
Mcu.PinsNb=59
Mcu.UserConstants=
Mcu.UserName=STM32F765VGTx
MxCube.Version=4.21.0
MxDb.Version=DB.4.0.210
NVIC.BusFault_IRQn=true\:0\:0\:false\:false\:true
NVIC.DebugMonitor_IRQn=true\:0\:0\:false\:false\:true
NVIC.HardFault_IRQn=true\:0\:0\:false\:false\:true
NVIC.MemoryManagement_IRQn=true\:0\:0\:false\:false\:true
NVIC.NonMaskableInt_IRQn=true\:0\:0\:false\:false\:true
NVIC.PendSV_IRQn=true\:0\:0\:false\:false\:true
NVIC.PriorityGroup=NVIC_PRIORITYGROUP_4
NVIC.SVCall_IRQn=true\:0\:0\:false\:false\:true
NVIC.SysTick_IRQn=true\:0\:0\:false\:false\:true
NVIC.UsageFault_IRQn=true\:0\:0\:false\:false\:true
PA1.Mode=RMII
PA1.Signal=ETH_REF_CLK
PA10.Signal=S_TIM1_CH3
PA11.Signal=S_TIM1_CH4
PA13.Mode=JTAG_5_pins
PA13.Signal=SYS_JTMS-SWDIO
PA14.Mode=JTAG_5_pins
PA14.Signal=SYS_JTCK-SWCLK
PA15.Mode=JTAG_5_pins
PA15.Signal=SYS_JTDI
PA2.Mode=RMII
PA2.Signal=ETH_MDIO
PA6.Mode=Activate-Break-Input
PA6.Signal=TIM1_BKIN
PA7.Mode=RMII
PA7.Signal=ETH_CRS_DV
PA8.Signal=S_TIM1_CH1
PA9.Signal=S_TIM1_CH2
PB11.Mode=RMII
PB11.Signal=ETH_TX_EN
PB12.Mode=RMII
PB12.Signal=ETH_TXD0
PB13.Mode=RMII
PB13.Signal=ETH_TXD1
PB14.Mode=Hardware Flow Control (RS485)
PB14.Signal=USART3_DE
PB3.Mode=JTAG_5_pins
PB3.Signal=SYS_JTDO-SWO
PB4.Mode=JTAG_5_pins
PB4.Signal=SYS_JTRST
PB7.Signal=FMC_NL
PB8.Mode=Master
PB8.Signal=CAN1_RX
PB9.Locked=true
PB9.Mode=Master
PB9.Signal=CAN1_TX
PC1.Mode=RMII
PC1.Signal=ETH_MDC
PC10.Locked=true
PC10.Mode=Asynchronous
PC10.Signal=USART3_TX
PC11.Mode=Asynchronous
PC11.Signal=USART3_RX
PC4.Mode=RMII
PC4.Signal=ETH_RXD0
PC5.Mode=RMII
PC5.Signal=ETH_RXD1
PC6.GPIOParameters=GPIO_Label
PC6.GPIO_Label=TIM1_CH1N
PC6.Locked=true
PC6.Signal=GPIO_Output
PC7.GPIOParameters=GPIO_Label
PC7.GPIO_Label=TIM1_CH2N
PC7.Locked=true
PC7.Signal=GPIO_Output
PC8.GPIOParameters=GPIO_Label
PC8.GPIO_Label=TIM1_CH3N
PC8.Locked=true
PC8.Signal=GPIO_Output
PC9.GPIOParameters=GPIO_Label
PC9.GPIO_Label=TIM1_CH4N
PC9.Locked=true
PC9.Signal=GPIO_Output
PCC.Checker=false
PCC.Line=STM32F7x5
PCC.MCU=STM32F765V(G-I)Tx
PCC.PartNumber=STM32F765VGTx
PCC.Seq0=1
PCC.Seq0.Step0.Average_Current=134.67 mA
PCC.Seq0.Step0.CPU_Frequency=216 MHz
PCC.Seq0.Step0.Category=In DS Table
PCC.Seq0.Step0.DMIPS=462.24002
PCC.Seq0.Step0.Duration=1 s
PCC.Seq0.Step0.Frequency=4 MHz
PCC.Seq0.Step0.Memory=SRAM/FLASH-SingleBank REGON
PCC.Seq0.Step0.Mode=RUN
PCC.Seq0.Step0.Oscillator=HSE PLL
PCC.Seq0.Step0.Peripherals=ADC1 ADC2 ADC3 CAN1 CRC DMA1\:4_Streams DMA2\:3_Streams ETH FMC GPIOA GPIOB GPIOC GPIOD GPIOE SYS TIM1 TIM2 TIM3 TIM4 TIM5 TIM6 TIM7 TIM8 TIM9
PCC.Seq0.Step0.TaMax=85.89
PCC.Seq0.Step0.User's_Consumption=0 mA
PCC.Seq0.Step0.Vcore=Scale1-High
PCC.Seq0.Step0.Vdd=3.3
PCC.Seq0.Step0.Voltage_Source=Vbus
PCC.Series=STM32F7
PCC.Temperature=25
PCC.Vdd=3.3
PD0.Signal=FMC_D2_DA2
PD1.Signal=FMC_D3_DA3
PD10.Signal=FMC_D15_DA15
PD11.GPIOParameters=GPIO_Label
PD11.GPIO_Label=ENC_Z
PD11.Locked=true
PD11.Signal=GPIO_Input
PD12.GPIOParameters=GPIO_Label
PD12.GPIO_Label=ENC_A
PD12.Signal=S_TIM4_CH1
PD13.GPIOParameters=GPIO_Label
PD13.GPIO_Label=ENC_B
PD13.Signal=S_TIM4_CH2
PD14.Signal=FMC_D0_DA0
PD15.Signal=FMC_D1_DA1
PD3.Signal=FMC_CLK
PD4.Signal=FMC_NOE
PD5.Signal=FMC_NWE
PD6.Locked=true
PD6.Signal=FMC_NWAIT
PD7.Locked=true
PD7.Mode=NorPsramChipSelect1_1
PD7.Signal=FMC_NE1
PD8.Signal=FMC_D13_DA13
PD9.Signal=FMC_D14_DA14
PE0.Signal=FMC_NBL0
PE1.Signal=FMC_NBL1
PE10.Signal=FMC_D7_DA7
PE11.Signal=FMC_D8_DA8
PE12.Signal=FMC_D9_DA9
PE13.Signal=FMC_D10_DA10
PE14.Signal=FMC_D11_DA11
PE15.Signal=FMC_D12_DA12
PE7.Signal=FMC_D4_DA4
PE8.Signal=FMC_D5_DA5
PE9.Signal=FMC_D6_DA6
PH0/OSC_IN.Mode=HSE-External-Clock-Source
PH0/OSC_IN.Signal=RCC_OSC_IN
PH1/OSC_OUT.Mode=HSE-External-Clock-Source
PH1/OSC_OUT.Signal=RCC_OSC_OUT
RCC.AHBFreq_Value=216000000
RCC.APB1CLKDivider=RCC_HCLK_DIV4
RCC.APB1Freq_Value=54000000
RCC.APB1TimFreq_Value=108000000
RCC.APB2CLKDivider=RCC_HCLK_DIV2
RCC.APB2Freq_Value=108000000
RCC.APB2TimFreq_Value=216000000
RCC.CECFreq_Value=32786.88524590164
RCC.CortexFreq_Value=216000000
RCC.DFSDMAudioFreq_Value=192000000
RCC.DFSDMFreq_Value=108000000
RCC.EthernetFreq_Value=216000000
RCC.FCLKCortexFreq_Value=216000000
RCC.FamilyName=M
RCC.HCLKFreq_Value=216000000
RCC.HSE_VALUE=8000000
RCC.HSI_VALUE=16000000
RCC.I2C1Freq_Value=54000000
RCC.I2C2Freq_Value=54000000
RCC.I2C3Freq_Value=54000000
RCC.I2C4Freq_Value=54000000
RCC.I2SFreq_Value=192000000
RCC.IPParameters=AHBFreq_Value,APB1CLKDivider,APB1Freq_Value,APB1TimFreq_Value,APB2CLKDivider,APB2Freq_Value,APB2TimFreq_Value,CECFreq_Value,CortexFreq_Value,DFSDMAudioFreq_Value,DFSDMFreq_Value,EthernetFreq_Value,FCLKCortexFreq_Value,FamilyName,HCLKFreq_Value,HSE_VALUE,HSI_VALUE,I2C1Freq_Value,I2C2Freq_Value,I2C3Freq_Value,I2C4Freq_Value,I2SFreq_Value,LPTIM1Freq_Value,LSE_VALUE,LSI_VALUE,MCO2PinFreq_Value,PLLCLKFreq_Value,PLLI2SPCLKFreq_Value,PLLI2SQCLKFreq_Value,PLLI2SRCLKFreq_Value,PLLI2SRoutputFreq_Value,PLLM,PLLN,PLLQCLKFreq_Value,PLLQoutputFreq_Value,PLLRFreq_Value,PLLSAIPCLKFreq_Value,PLLSAIQCLKFreq_Value,PLLSAIRCLKFreq_Value,PLLSAIoutputFreq_Value,PLLSourceVirtual,RNGFreq_Value,SAI1Freq_Value,SAI2Freq_Value,SDMMC2Freq_Value,SDMMCFreq_Value,SPDIFRXFreq_Value,SYSCLKFreq_VALUE,SYSCLKSource,UART4Freq_Value,UART5Freq_Value,UART7Freq_Value,UART8Freq_Value,USART1Freq_Value,USART2Freq_Value,USART3CLockSelection,USART3Freq_Value,USART6Freq_Value,USBFreq_Value,VCOI2SOutputFreq_Value,VCOInputFreq_Value,VCOOutputFreq_Value,VCOSAIOutputFreq_Value
RCC.LPTIM1Freq_Value=54000000
RCC.LSE_VALUE=32768
RCC.LSI_VALUE=32000
RCC.MCO2PinFreq_Value=216000000
RCC.PLLCLKFreq_Value=216000000
RCC.PLLI2SPCLKFreq_Value=192000000
RCC.PLLI2SQCLKFreq_Value=192000000
RCC.PLLI2SRCLKFreq_Value=192000000
RCC.PLLI2SRoutputFreq_Value=192000000
RCC.PLLM=4
RCC.PLLN=216
RCC.PLLQCLKFreq_Value=216000000
RCC.PLLQoutputFreq_Value=216000000
RCC.PLLRFreq_Value=216000000
RCC.PLLSAIPCLKFreq_Value=192000000
RCC.PLLSAIQCLKFreq_Value=192000000
RCC.PLLSAIRCLKFreq_Value=192000000
RCC.PLLSAIoutputFreq_Value=192000000
RCC.PLLSourceVirtual=RCC_PLLSOURCE_HSE
RCC.RNGFreq_Value=216000000
RCC.SAI1Freq_Value=192000000
RCC.SAI2Freq_Value=192000000
RCC.SDMMC2Freq_Value=216000000
RCC.SDMMCFreq_Value=216000000
RCC.SPDIFRXFreq_Value=192000000
RCC.SYSCLKFreq_VALUE=216000000
RCC.SYSCLKSource=RCC_SYSCLKSOURCE_PLLCLK
RCC.UART4Freq_Value=54000000
RCC.UART5Freq_Value=54000000
RCC.UART7Freq_Value=54000000
RCC.UART8Freq_Value=54000000
RCC.USART1Freq_Value=108000000
RCC.USART2Freq_Value=54000000
RCC.USART3CLockSelection=RCC_USART3CLKSOURCE_SYSCLK
RCC.USART3Freq_Value=216000000
RCC.USART6Freq_Value=108000000
RCC.USBFreq_Value=216000000
RCC.VCOI2SOutputFreq_Value=384000000
RCC.VCOInputFreq_Value=2000000
RCC.VCOOutputFreq_Value=432000000
RCC.VCOSAIOutputFreq_Value=384000000
SH.FMC_CLK.0=FMC_CLK,BurstReadWrite1
SH.FMC_CLK.ConfNb=1
SH.FMC_D0_DA0.0=FMC_DA0,16b-da1
SH.FMC_D0_DA0.ConfNb=1
SH.FMC_D10_DA10.0=FMC_DA10,16b-da1
SH.FMC_D10_DA10.ConfNb=1
SH.FMC_D11_DA11.0=FMC_DA11,16b-da1
SH.FMC_D11_DA11.ConfNb=1
SH.FMC_D12_DA12.0=FMC_DA12,16b-da1
SH.FMC_D12_DA12.ConfNb=1
SH.FMC_D13_DA13.0=FMC_DA13,16b-da1
SH.FMC_D13_DA13.ConfNb=1
SH.FMC_D14_DA14.0=FMC_DA14,16b-da1
SH.FMC_D14_DA14.ConfNb=1
SH.FMC_D15_DA15.0=FMC_DA15,16b-da1
SH.FMC_D15_DA15.ConfNb=1
SH.FMC_D1_DA1.0=FMC_DA1,16b-da1
SH.FMC_D1_DA1.ConfNb=1
SH.FMC_D2_DA2.0=FMC_DA2,16b-da1
SH.FMC_D2_DA2.ConfNb=1
SH.FMC_D3_DA3.0=FMC_DA3,16b-da1
SH.FMC_D3_DA3.ConfNb=1
SH.FMC_D4_DA4.0=FMC_DA4,16b-da1
SH.FMC_D4_DA4.ConfNb=1
SH.FMC_D5_DA5.0=FMC_DA5,16b-da1
SH.FMC_D5_DA5.ConfNb=1
SH.FMC_D6_DA6.0=FMC_DA6,16b-da1
SH.FMC_D6_DA6.ConfNb=1
SH.FMC_D7_DA7.0=FMC_DA7,16b-da1
SH.FMC_D7_DA7.ConfNb=1
SH.FMC_D8_DA8.0=FMC_DA8,16b-da1
SH.FMC_D8_DA8.ConfNb=1
SH.FMC_D9_DA9.0=FMC_DA9,16b-da1
SH.FMC_D9_DA9.ConfNb=1
SH.FMC_NBL0.0=FMC_NBL0,2ByteEnable1
SH.FMC_NBL0.ConfNb=1
SH.FMC_NBL1.0=FMC_NBL1,2ByteEnable1
SH.FMC_NBL1.ConfNb=1
SH.FMC_NL.0=FMC_NL,AddressValid1
SH.FMC_NL.ConfNb=1
SH.FMC_NOE.0=FMC_NOE,MuxedPsram1
SH.FMC_NOE.ConfNb=1
SH.FMC_NWAIT.0=FMC_NWAIT,SynchronousWait1
SH.FMC_NWAIT.ConfNb=1
SH.FMC_NWE.0=FMC_NWE,MuxedPsram1
SH.FMC_NWE.ConfNb=1
SH.S_TIM1_CH1.0=TIM1_CH1,PWM Generation1 CH1
SH.S_TIM1_CH1.ConfNb=1
SH.S_TIM1_CH2.0=TIM1_CH2,PWM Generation2 CH2
SH.S_TIM1_CH2.ConfNb=1
SH.S_TIM1_CH3.0=TIM1_CH3,PWM Generation3 CH3
SH.S_TIM1_CH3.ConfNb=1
SH.S_TIM1_CH4.0=TIM1_CH4,PWM Generation4 CH4
SH.S_TIM1_CH4.ConfNb=1
SH.S_TIM4_CH1.0=TIM4_CH1,Encoder_Interface
SH.S_TIM4_CH1.ConfNb=1
SH.S_TIM4_CH2.0=TIM4_CH2,Encoder_Interface
SH.S_TIM4_CH2.ConfNb=1
TIM1.Channel-PWM\ Generation1\ CH1=TIM_CHANNEL_1
TIM1.Channel-PWM\ Generation2\ CH2=TIM_CHANNEL_2
TIM1.Channel-PWM\ Generation3\ CH3=TIM_CHANNEL_3
TIM1.Channel-PWM\ Generation4\ CH4=TIM_CHANNEL_4
TIM1.IPParameters=Channel-PWM Generation1 CH1,Channel-PWM Generation2 CH2,Channel-PWM Generation3 CH3,Channel-PWM Generation4 CH4
USART3.IPParameters=VirtualMode-Asynchronous,VirtualMode-Hardware Flow Control (RS485)
USART3.VirtualMode-Asynchronous=VM_ASYNC
USART3.VirtualMode-Hardware\ Flow\ Control\ (RS485)=VM_ASYNC
VP_SYS_VS_Systick.Mode=SysTick
VP_SYS_VS_Systick.Signal=SYS_VS_Systick
VP_TIM1_VS_ClockSourceINT.Mode=Internal
VP_TIM1_VS_ClockSourceINT.Signal=TIM1_VS_ClockSourceINT
